// !$*UTF8*$!
{
	archiveVersion = 1;
	classes = {
	};
	objectVersion = 52;
	objects = {

/* Begin PBXBuildFile section */
		422199042536E6860090AA28 /* NSManagedObjectContext+Name.swift in Sources */ = {isa = PBXBuildFile; fileRef = 422199032536E6860090AA28 /* NSManagedObjectContext+Name.swift */; };
		422199132536EB410090AA28 /* NSManagedObjectContext+Helper.swift in Sources */ = {isa = PBXBuildFile; fileRef = 422199122536EB410090AA28 /* NSManagedObjectContext+Helper.swift */; };
		4221991B2536EC0D0090AA28 /* EndPointEditType.swift in Sources */ = {isa = PBXBuildFile; fileRef = 4221991A2536EC0D0090AA28 /* EndPointEditType.swift */; };
		42219929253712B90090AA28 /* AppDelegate+DebugHelpers.swift in Sources */ = {isa = PBXBuildFile; fileRef = 42219928253712B90090AA28 /* AppDelegate+DebugHelpers.swift */; };
		4226D49B2537C45D00CE8DB1 /* NotificaitonCenter+Name.swift in Sources */ = {isa = PBXBuildFile; fileRef = 4226D49A2537C45D00CE8DB1 /* NotificaitonCenter+Name.swift */; };
		4226D4A02537C78B00CE8DB1 /* EndPointListViewController.swift in Sources */ = {isa = PBXBuildFile; fileRef = 4226D49F2537C78B00CE8DB1 /* EndPointListViewController.swift */; };
		4226D4A52537D59500CE8DB1 /* BackendAgent.swift in Sources */ = {isa = PBXBuildFile; fileRef = 4226D4A42537D59500CE8DB1 /* BackendAgent.swift */; };
		4226D4B82538211400CE8DB1 /* Button+Helpers.swift in Sources */ = {isa = PBXBuildFile; fileRef = 4226D4B72538211400CE8DB1 /* Button+Helpers.swift */; };
		4226D4C925385A1A00CE8DB1 /* EndPoint.swift in Sources */ = {isa = PBXBuildFile; fileRef = 4226D4C825385A1A00CE8DB1 /* EndPoint.swift */; };
		4226D4CF25385E3D00CE8DB1 /* EndPointListViewController+OutlineTable.swift in Sources */ = {isa = PBXBuildFile; fileRef = 4226D4CE25385E3D00CE8DB1 /* EndPointListViewController+OutlineTable.swift */; };
		4226D4D42538602F00CE8DB1 /* String+URL.swift in Sources */ = {isa = PBXBuildFile; fileRef = 4226D4D32538602F00CE8DB1 /* String+URL.swift */; };
		424600032539A90700963B29 /* ScanLog.swift in Sources */ = {isa = PBXBuildFile; fileRef = 424600022539A90700963B29 /* ScanLog.swift */; };
		4246FFAF25391E3400963B29 /* Combine+Helpers.swift in Sources */ = {isa = PBXBuildFile; fileRef = 4246FFAE25391E3400963B29 /* Combine+Helpers.swift */; };
		4246FFD12539767700963B29 /* Charts in Frameworks */ = {isa = PBXBuildFile; productRef = 4246FFD02539767700963B29 /* Charts */; };
		4246FFD72539784F00963B29 /* EndPointDetailViewController.swift in Sources */ = {isa = PBXBuildFile; fileRef = 4246FFD52539784F00963B29 /* EndPointDetailViewController.swift */; };
		4262EE44253DA6CC0011C416 /* RecordDetailViewController.swift in Sources */ = {isa = PBXBuildFile; fileRef = 4262EE42253DA6CC0011C416 /* RecordDetailViewController.swift */; };
		4262EE4A253E44B00011C416 /* RecordItem.swift in Sources */ = {isa = PBXBuildFile; fileRef = 4262EE49253E44B00011C416 /* RecordItem.swift */; };
		4262EE4F253EC0270011C416 /* EndPointDetailKind.swift in Sources */ = {isa = PBXBuildFile; fileRef = 4262EE4E253EC0270011C416 /* EndPointDetailKind.swift */; };
		4262EE54253EC0440011C416 /* ScanLogInTimeSpan.swift in Sources */ = {isa = PBXBuildFile; fileRef = 4262EE53253EC0440011C416 /* ScanLogInTimeSpan.swift */; };
		4262EE6D253ED5280011C416 /* EndPointDetailContainer.swift in Sources */ = {isa = PBXBuildFile; fileRef = 4262EE6C253ED5280011C416 /* EndPointDetailContainer.swift */; };
		42697C9B2534402800EA6275 /* AppDelegate.swift in Sources */ = {isa = PBXBuildFile; fileRef = 42697C9A2534402800EA6275 /* AppDelegate.swift */; };
		42697C9D2534402800EA6275 /* AppViewController.swift in Sources */ = {isa = PBXBuildFile; fileRef = 42697C9C2534402800EA6275 /* AppViewController.swift */; };
		42697CA02534402800EA6275 /* Zelda.xcdatamodeld in Sources */ = {isa = PBXBuildFile; fileRef = 42697C9E2534402800EA6275 /* Zelda.xcdatamodeld */; };
		42697CA22534402900EA6275 /* Assets.xcassets in Resources */ = {isa = PBXBuildFile; fileRef = 42697CA12534402900EA6275 /* Assets.xcassets */; };
		42697CA52534402900EA6275 /* Main.storyboard in Resources */ = {isa = PBXBuildFile; fileRef = 42697CA32534402900EA6275 /* Main.storyboard */; };
		42697CB12534402900EA6275 /* ZeldaTests.swift in Sources */ = {isa = PBXBuildFile; fileRef = 42697CB02534402900EA6275 /* ZeldaTests.swift */; };
		42697CBC2534402900EA6275 /* ZeldaUITests.swift in Sources */ = {isa = PBXBuildFile; fileRef = 42697CBB2534402900EA6275 /* ZeldaUITests.swift */; };
		42697CD22535245000EA6275 /* SideBarViewController.swift in Sources */ = {isa = PBXBuildFile; fileRef = 42697CD12535245000EA6275 /* SideBarViewController.swift */; };
		42697CE52535809700EA6275 /* EndPointEditViewController.swift in Sources */ = {isa = PBXBuildFile; fileRef = 42697CE42535809700EA6275 /* EndPointEditViewController.swift */; };
		42697CEB2535817100EA6275 /* EndPointEdit.storyboard in Resources */ = {isa = PBXBuildFile; fileRef = 42697CE92535817100EA6275 /* EndPointEdit.storyboard */; };
		42697CF825358B1900EA6275 /* MainWindowController.swift in Sources */ = {isa = PBXBuildFile; fileRef = 42697CF725358B1900EA6275 /* MainWindowController.swift */; };
		42697CFD2536743D00EA6275 /* Api+Validate.swift in Sources */ = {isa = PBXBuildFile; fileRef = 42697CFC2536743D00EA6275 /* Api+Validate.swift */; };
		42697D03253675F200EA6275 /* Api.swift in Sources */ = {isa = PBXBuildFile; fileRef = 42697D02253675F200EA6275 /* Api.swift */; };
		42697D09253676A800EA6275 /* SwiftyJSON in Frameworks */ = {isa = PBXBuildFile; productRef = 42697D08253676A800EA6275 /* SwiftyJSON */; };
		42697D142536941300EA6275 /* Api+JSON.swift in Sources */ = {isa = PBXBuildFile; fileRef = 42697D132536941300EA6275 /* Api+JSON.swift */; };
		428D114825404E9A0031233A /* ContentSplitViewController.swift in Sources */ = {isa = PBXBuildFile; fileRef = 428D114725404E9A0031233A /* ContentSplitViewController.swift */; };
		428D115925410B8D0031233A /* GridView+Helpers.swift in Sources */ = {isa = PBXBuildFile; fileRef = 428D115825410B8D0031233A /* GridView+Helpers.swift */; };
		428D117C25418F6B0031233A /* EndPointDetailContainerViewController.swift in Sources */ = {isa = PBXBuildFile; fileRef = 428D117B25418F6B0031233A /* EndPointDetailContainerViewController.swift */; };
		4292D876253FCB1E003DA863 /* ContentTabViewController.swift in Sources */ = {isa = PBXBuildFile; fileRef = 4292D875253FCB1E003DA863 /* ContentTabViewController.swift */; };
		42A6ABBB253BDA0D0021DA90 /* JSON.swift in Sources */ = {isa = PBXBuildFile; fileRef = 42A6ABBA253BDA0D0021DA90 /* JSON.swift */; };
		42A6ABC1253CF6B90021DA90 /* EndPointDetail.storyboard in Resources */ = {isa = PBXBuildFile; fileRef = 42A6ABBF253CF6B90021DA90 /* EndPointDetail.storyboard */; };
		42A6ABCC253D3D670021DA90 /* EndPointDetailTabViewController.swift in Sources */ = {isa = PBXBuildFile; fileRef = 42A6ABCB253D3D670021DA90 /* EndPointDetailTabViewController.swift */; };
/* End PBXBuildFile section */

/* Begin PBXContainerItemProxy section */
		42697CAD2534402900EA6275 /* PBXContainerItemProxy */ = {
			isa = PBXContainerItemProxy;
			containerPortal = 42697C8F2534402800EA6275 /* Project object */;
			proxyType = 1;
			remoteGlobalIDString = 42697C962534402800EA6275;
			remoteInfo = Zelda;
		};
		42697CB82534402900EA6275 /* PBXContainerItemProxy */ = {
			isa = PBXContainerItemProxy;
			containerPortal = 42697C8F2534402800EA6275 /* Project object */;
			proxyType = 1;
			remoteGlobalIDString = 42697C962534402800EA6275;
			remoteInfo = Zelda;
		};
/* End PBXContainerItemProxy section */

/* Begin PBXFileReference section */
		422199032536E6860090AA28 /* NSManagedObjectContext+Name.swift */ = {isa = PBXFileReference; lastKnownFileType = sourcecode.swift; path = "NSManagedObjectContext+Name.swift"; sourceTree = "<group>"; };
		422199122536EB410090AA28 /* NSManagedObjectContext+Helper.swift */ = {isa = PBXFileReference; lastKnownFileType = sourcecode.swift; path = "NSManagedObjectContext+Helper.swift"; sourceTree = "<group>"; };
		4221991A2536EC0D0090AA28 /* EndPointEditType.swift */ = {isa = PBXFileReference; lastKnownFileType = sourcecode.swift; path = EndPointEditType.swift; sourceTree = "<group>"; };
		42219928253712B90090AA28 /* AppDelegate+DebugHelpers.swift */ = {isa = PBXFileReference; lastKnownFileType = sourcecode.swift; path = "AppDelegate+DebugHelpers.swift"; sourceTree = "<group>"; };
		4226D49A2537C45D00CE8DB1 /* NotificaitonCenter+Name.swift */ = {isa = PBXFileReference; lastKnownFileType = sourcecode.swift; path = "NotificaitonCenter+Name.swift"; sourceTree = "<group>"; };
		4226D49F2537C78B00CE8DB1 /* EndPointListViewController.swift */ = {isa = PBXFileReference; lastKnownFileType = sourcecode.swift; path = EndPointListViewController.swift; sourceTree = "<group>"; };
		4226D4A42537D59500CE8DB1 /* BackendAgent.swift */ = {isa = PBXFileReference; lastKnownFileType = sourcecode.swift; path = BackendAgent.swift; sourceTree = "<group>"; };
		4226D4B72538211400CE8DB1 /* Button+Helpers.swift */ = {isa = PBXFileReference; lastKnownFileType = sourcecode.swift; path = "Button+Helpers.swift"; sourceTree = "<group>"; };
		4226D4C825385A1A00CE8DB1 /* EndPoint.swift */ = {isa = PBXFileReference; lastKnownFileType = sourcecode.swift; path = EndPoint.swift; sourceTree = "<group>"; };
		4226D4CE25385E3D00CE8DB1 /* EndPointListViewController+OutlineTable.swift */ = {isa = PBXFileReference; lastKnownFileType = sourcecode.swift; path = "EndPointListViewController+OutlineTable.swift"; sourceTree = "<group>"; };
		4226D4D32538602F00CE8DB1 /* String+URL.swift */ = {isa = PBXFileReference; lastKnownFileType = sourcecode.swift; path = "String+URL.swift"; sourceTree = "<group>"; };
		424600022539A90700963B29 /* ScanLog.swift */ = {isa = PBXFileReference; lastKnownFileType = sourcecode.swift; path = ScanLog.swift; sourceTree = "<group>"; };
		4246FFAE25391E3400963B29 /* Combine+Helpers.swift */ = {isa = PBXFileReference; lastKnownFileType = sourcecode.swift; path = "Combine+Helpers.swift"; sourceTree = "<group>"; };
		4246FFD52539784F00963B29 /* EndPointDetailViewController.swift */ = {isa = PBXFileReference; lastKnownFileType = sourcecode.swift; path = EndPointDetailViewController.swift; sourceTree = "<group>"; };
		4262EE42253DA6CC0011C416 /* RecordDetailViewController.swift */ = {isa = PBXFileReference; lastKnownFileType = sourcecode.swift; path = RecordDetailViewController.swift; sourceTree = "<group>"; };
		4262EE49253E44B00011C416 /* RecordItem.swift */ = {isa = PBXFileReference; lastKnownFileType = sourcecode.swift; path = RecordItem.swift; sourceTree = "<group>"; };
		4262EE4E253EC0270011C416 /* EndPointDetailKind.swift */ = {isa = PBXFileReference; lastKnownFileType = sourcecode.swift; path = EndPointDetailKind.swift; sourceTree = "<group>"; };
		4262EE53253EC0440011C416 /* ScanLogInTimeSpan.swift */ = {isa = PBXFileReference; lastKnownFileType = sourcecode.swift; path = ScanLogInTimeSpan.swift; sourceTree = "<group>"; };
		4262EE6C253ED5280011C416 /* EndPointDetailContainer.swift */ = {isa = PBXFileReference; lastKnownFileType = sourcecode.swift; path = EndPointDetailContainer.swift; sourceTree = "<group>"; };
		42697C972534402800EA6275 /* Zelda.app */ = {isa = PBXFileReference; explicitFileType = wrapper.application; includeInIndex = 0; path = Zelda.app; sourceTree = BUILT_PRODUCTS_DIR; };
		42697C9A2534402800EA6275 /* AppDelegate.swift */ = {isa = PBXFileReference; lastKnownFileType = sourcecode.swift; path = AppDelegate.swift; sourceTree = "<group>"; };
		42697C9C2534402800EA6275 /* AppViewController.swift */ = {isa = PBXFileReference; lastKnownFileType = sourcecode.swift; path = AppViewController.swift; sourceTree = "<group>"; };
		42697C9F2534402800EA6275 /* Zelda.xcdatamodel */ = {isa = PBXFileReference; lastKnownFileType = wrapper.xcdatamodel; path = Zelda.xcdatamodel; sourceTree = "<group>"; };
		42697CA12534402900EA6275 /* Assets.xcassets */ = {isa = PBXFileReference; lastKnownFileType = folder.assetcatalog; path = Assets.xcassets; sourceTree = "<group>"; };
		42697CA42534402900EA6275 /* Base */ = {isa = PBXFileReference; lastKnownFileType = file.storyboard; name = Base; path = Base.lproj/Main.storyboard; sourceTree = "<group>"; };
		42697CA62534402900EA6275 /* Info.plist */ = {isa = PBXFileReference; lastKnownFileType = text.plist.xml; path = Info.plist; sourceTree = "<group>"; };
		42697CA72534402900EA6275 /* Zelda.entitlements */ = {isa = PBXFileReference; lastKnownFileType = text.plist.entitlements; path = Zelda.entitlements; sourceTree = "<group>"; };
		42697CAC2534402900EA6275 /* ZeldaTests.xctest */ = {isa = PBXFileReference; explicitFileType = wrapper.cfbundle; includeInIndex = 0; path = ZeldaTests.xctest; sourceTree = BUILT_PRODUCTS_DIR; };
		42697CB02534402900EA6275 /* ZeldaTests.swift */ = {isa = PBXFileReference; lastKnownFileType = sourcecode.swift; path = ZeldaTests.swift; sourceTree = "<group>"; };
		42697CB22534402900EA6275 /* Info.plist */ = {isa = PBXFileReference; lastKnownFileType = text.plist.xml; path = Info.plist; sourceTree = "<group>"; };
		42697CB72534402900EA6275 /* ZeldaUITests.xctest */ = {isa = PBXFileReference; explicitFileType = wrapper.cfbundle; includeInIndex = 0; path = ZeldaUITests.xctest; sourceTree = BUILT_PRODUCTS_DIR; };
		42697CBB2534402900EA6275 /* ZeldaUITests.swift */ = {isa = PBXFileReference; lastKnownFileType = sourcecode.swift; path = ZeldaUITests.swift; sourceTree = "<group>"; };
		42697CBD2534402900EA6275 /* Info.plist */ = {isa = PBXFileReference; lastKnownFileType = text.plist.xml; path = Info.plist; sourceTree = "<group>"; };
		42697CD12535245000EA6275 /* SideBarViewController.swift */ = {isa = PBXFileReference; lastKnownFileType = sourcecode.swift; path = SideBarViewController.swift; sourceTree = "<group>"; };
		42697CE42535809700EA6275 /* EndPointEditViewController.swift */ = {isa = PBXFileReference; lastKnownFileType = sourcecode.swift; path = EndPointEditViewController.swift; sourceTree = "<group>"; };
		42697CEA2535817100EA6275 /* Base */ = {isa = PBXFileReference; lastKnownFileType = file.storyboard; name = Base; path = Zelda/Base.lproj/EndPointEdit.storyboard; sourceTree = "<group>"; };
		42697CF725358B1900EA6275 /* MainWindowController.swift */ = {isa = PBXFileReference; lastKnownFileType = sourcecode.swift; path = MainWindowController.swift; sourceTree = "<group>"; };
		42697CFC2536743D00EA6275 /* Api+Validate.swift */ = {isa = PBXFileReference; lastKnownFileType = sourcecode.swift; path = "Api+Validate.swift"; sourceTree = "<group>"; };
		42697D02253675F200EA6275 /* Api.swift */ = {isa = PBXFileReference; lastKnownFileType = sourcecode.swift; path = Api.swift; sourceTree = "<group>"; };
		42697D132536941300EA6275 /* Api+JSON.swift */ = {isa = PBXFileReference; lastKnownFileType = sourcecode.swift; path = "Api+JSON.swift"; sourceTree = "<group>"; };
		428D114725404E9A0031233A /* ContentSplitViewController.swift */ = {isa = PBXFileReference; lastKnownFileType = sourcecode.swift; path = ContentSplitViewController.swift; sourceTree = "<group>"; };
		428D115825410B8D0031233A /* GridView+Helpers.swift */ = {isa = PBXFileReference; lastKnownFileType = sourcecode.swift; path = "GridView+Helpers.swift"; sourceTree = "<group>"; };
		428D117B25418F6B0031233A /* EndPointDetailContainerViewController.swift */ = {isa = PBXFileReference; fileEncoding = 4; lastKnownFileType = sourcecode.swift; path = EndPointDetailContainerViewController.swift; sourceTree = "<group>"; };
		4292D875253FCB1E003DA863 /* ContentTabViewController.swift */ = {isa = PBXFileReference; lastKnownFileType = sourcecode.swift; path = ContentTabViewController.swift; sourceTree = "<group>"; };
		42A6ABBA253BDA0D0021DA90 /* JSON.swift */ = {isa = PBXFileReference; lastKnownFileType = sourcecode.swift; path = JSON.swift; sourceTree = "<group>"; };
		42A6ABC0253CF6B90021DA90 /* Base */ = {isa = PBXFileReference; lastKnownFileType = file.storyboard; name = Base; path = Zelda/Storyboards/Base.lproj/EndPointDetail.storyboard; sourceTree = "<group>"; };
		42A6ABCB253D3D670021DA90 /* EndPointDetailTabViewController.swift */ = {isa = PBXFileReference; lastKnownFileType = sourcecode.swift; path = EndPointDetailTabViewController.swift; sourceTree = "<group>"; };
/* End PBXFileReference section */

/* Begin PBXFrameworksBuildPhase section */
		42697C942534402800EA6275 /* Frameworks */ = {
			isa = PBXFrameworksBuildPhase;
			buildActionMask = 2147483647;
			files = (
				42697D09253676A800EA6275 /* SwiftyJSON in Frameworks */,
				4246FFD12539767700963B29 /* Charts in Frameworks */,
			);
			runOnlyForDeploymentPostprocessing = 0;
		};
		42697CA92534402900EA6275 /* Frameworks */ = {
			isa = PBXFrameworksBuildPhase;
			buildActionMask = 2147483647;
			files = (
			);
			runOnlyForDeploymentPostprocessing = 0;
		};
		42697CB42534402900EA6275 /* Frameworks */ = {
			isa = PBXFrameworksBuildPhase;
			buildActionMask = 2147483647;
			files = (
			);
			runOnlyForDeploymentPostprocessing = 0;
		};
/* End PBXFrameworksBuildPhase section */

/* Begin PBXGroup section */
		4221990E2536EB260090AA28 /* DB */ = {
			isa = PBXGroup;
			children = (
				422199032536E6860090AA28 /* NSManagedObjectContext+Name.swift */,
				422199122536EB410090AA28 /* NSManagedObjectContext+Helper.swift */,
			);
			path = DB;
			sourceTree = "<group>";
		};
		4226D4AE2537D5EC00CE8DB1 /* BackendAgent */ = {
			isa = PBXGroup;
			children = (
				4226D4A42537D59500CE8DB1 /* BackendAgent.swift */,
			);
			path = BackendAgent;
			sourceTree = "<group>";
		};
		4226D4CD25385DA000CE8DB1 /* EndPointList */ = {
			isa = PBXGroup;
			children = (
				4226D49F2537C78B00CE8DB1 /* EndPointListViewController.swift */,
				4226D4CE25385E3D00CE8DB1 /* EndPointListViewController+OutlineTable.swift */,
				4292D875253FCB1E003DA863 /* ContentTabViewController.swift */,
			);
			path = EndPointList;
			sourceTree = "<group>";
		};
		4246FFDF2539786500963B29 /* Model */ = {
			isa = PBXGroup;
			children = (
				42697C9E2534402800EA6275 /* Zelda.xcdatamodeld */,
				4226D4C825385A1A00CE8DB1 /* EndPoint.swift */,
				424600022539A90700963B29 /* ScanLog.swift */,
				4262EE49253E44B00011C416 /* RecordItem.swift */,
			);
			path = Model;
			sourceTree = "<group>";
		};
		4246FFE32539787000963B29 /* Tools */ = {
			isa = PBXGroup;
			children = (
				4226D49A2537C45D00CE8DB1 /* NotificaitonCenter+Name.swift */,
				4226D4D32538602F00CE8DB1 /* String+URL.swift */,
				4246FFAE25391E3400963B29 /* Combine+Helpers.swift */,
				42A6ABBA253BDA0D0021DA90 /* JSON.swift */,
			);
			path = Tools;
			sourceTree = "<group>";
		};
		4246FFE72539788000963B29 /* Components */ = {
			isa = PBXGroup;
			children = (
				4226D4B72538211400CE8DB1 /* Button+Helpers.swift */,
				428D115825410B8D0031233A /* GridView+Helpers.swift */,
			);
			path = Components;
			sourceTree = "<group>";
		};
		4246FFEB2539789400963B29 /* Navigation */ = {
			isa = PBXGroup;
			children = (
				42219928253712B90090AA28 /* AppDelegate+DebugHelpers.swift */,
				42697C9A2534402800EA6275 /* AppDelegate.swift */,
				42697C9C2534402800EA6275 /* AppViewController.swift */,
				42697CD12535245000EA6275 /* SideBarViewController.swift */,
				42697CF725358B1900EA6275 /* MainWindowController.swift */,
				428D114725404E9A0031233A /* ContentSplitViewController.swift */,
			);
			path = Navigation;
			sourceTree = "<group>";
		};
		4246FFF5253978CA00963B29 /* Storyboards */ = {
			isa = PBXGroup;
			children = (
				42A6ABBF253CF6B90021DA90 /* EndPointDetail.storyboard */,
				42697CE92535817100EA6275 /* EndPointEdit.storyboard */,
				42697CA32534402900EA6275 /* Main.storyboard */,
			);
			path = Storyboards;
			sourceTree = "<group>";
		};
		4246FFF62539795C00963B29 /* EndPointDetail */ = {
			isa = PBXGroup;
			children = (
				428D117B25418F6B0031233A /* EndPointDetailContainerViewController.swift */,
				4246FFD52539784F00963B29 /* EndPointDetailViewController.swift */,
				42A6ABCB253D3D670021DA90 /* EndPointDetailTabViewController.swift */,
				4262EE42253DA6CC0011C416 /* RecordDetailViewController.swift */,
				4262EE4E253EC0270011C416 /* EndPointDetailKind.swift */,
				4262EE53253EC0440011C416 /* ScanLogInTimeSpan.swift */,
				4262EE6C253ED5280011C416 /* EndPointDetailContainer.swift */,
			);
			path = EndPointDetail;
			sourceTree = "<group>";
		};
		42697C8E2534402800EA6275 = {
			isa = PBXGroup;
			children = (
				42697C992534402800EA6275 /* Zelda */,
				42697CAF2534402900EA6275 /* ZeldaTests */,
				42697CBA2534402900EA6275 /* ZeldaUITests */,
				42697C982534402800EA6275 /* Products */,
			);
			sourceTree = "<group>";
		};
		42697C982534402800EA6275 /* Products */ = {
			isa = PBXGroup;
			children = (
				42697C972534402800EA6275 /* Zelda.app */,
				42697CAC2534402900EA6275 /* ZeldaTests.xctest */,
				42697CB72534402900EA6275 /* ZeldaUITests.xctest */,
			);
			name = Products;
			sourceTree = "<group>";
		};
		42697C992534402800EA6275 /* Zelda */ = {
			isa = PBXGroup;
			children = (
				4246FFEB2539789400963B29 /* Navigation */,
				4246FFF5253978CA00963B29 /* Storyboards */,
				42697CA12534402900EA6275 /* Assets.xcassets */,
				42697CA62534402900EA6275 /* Info.plist */,
				42697CA72534402900EA6275 /* Zelda.entitlements */,
				42697D182536A0D900EA6275 /* EndPointEdit */,
				42697D01253675D500EA6275 /* Api */,
				4221990E2536EB260090AA28 /* DB */,
				4226D4CD25385DA000CE8DB1 /* EndPointList */,
				4226D4AE2537D5EC00CE8DB1 /* BackendAgent */,
				4246FFE72539788000963B29 /* Components */,
				4246FFE32539787000963B29 /* Tools */,
				4246FFDF2539786500963B29 /* Model */,
				4246FFF62539795C00963B29 /* EndPointDetail */,
			);
			path = Zelda;
			sourceTree = "<group>";
		};
		42697CAF2534402900EA6275 /* ZeldaTests */ = {
			isa = PBXGroup;
			children = (
				42697CB02534402900EA6275 /* ZeldaTests.swift */,
				42697CB22534402900EA6275 /* Info.plist */,
			);
			path = ZeldaTests;
			sourceTree = "<group>";
		};
		42697CBA2534402900EA6275 /* ZeldaUITests */ = {
			isa = PBXGroup;
			children = (
				42697CBB2534402900EA6275 /* ZeldaUITests.swift */,
				42697CBD2534402900EA6275 /* Info.plist */,
			);
			path = ZeldaUITests;
			sourceTree = "<group>";
		};
		42697D01253675D500EA6275 /* Api */ = {
			isa = PBXGroup;
			children = (
				42697CFC2536743D00EA6275 /* Api+Validate.swift */,
				42697D02253675F200EA6275 /* Api.swift */,
				42697D132536941300EA6275 /* Api+JSON.swift */,
			);
			path = Api;
			sourceTree = "<group>";
		};
		42697D182536A0D900EA6275 /* EndPointEdit */ = {
			isa = PBXGroup;
			children = (
				42697CE42535809700EA6275 /* EndPointEditViewController.swift */,
				4221991A2536EC0D0090AA28 /* EndPointEditType.swift */,
			);
			path = EndPointEdit;
			sourceTree = "<group>";
		};
/* End PBXGroup section */

/* Begin PBXNativeTarget section */
		42697C962534402800EA6275 /* Zelda */ = {
			isa = PBXNativeTarget;
			buildConfigurationList = 42697CC02534402900EA6275 /* Build configuration list for PBXNativeTarget "Zelda" */;
			buildPhases = (
				42697C932534402800EA6275 /* Sources */,
				42697C942534402800EA6275 /* Frameworks */,
				42697C952534402800EA6275 /* Resources */,
			);
			buildRules = (
			);
			dependencies = (
			);
			name = Zelda;
			packageProductDependencies = (
				42697D08253676A800EA6275 /* SwiftyJSON */,
				4246FFD02539767700963B29 /* Charts */,
			);
			productName = Zelda;
			productReference = 42697C972534402800EA6275 /* Zelda.app */;
			productType = "com.apple.product-type.application";
		};
		42697CAB2534402900EA6275 /* ZeldaTests */ = {
			isa = PBXNativeTarget;
			buildConfigurationList = 42697CC32534402900EA6275 /* Build configuration list for PBXNativeTarget "ZeldaTests" */;
			buildPhases = (
				42697CA82534402900EA6275 /* Sources */,
				42697CA92534402900EA6275 /* Frameworks */,
				42697CAA2534402900EA6275 /* Resources */,
			);
			buildRules = (
			);
			dependencies = (
				42697CAE2534402900EA6275 /* PBXTargetDependency */,
			);
			name = ZeldaTests;
			productName = ZeldaTests;
			productReference = 42697CAC2534402900EA6275 /* ZeldaTests.xctest */;
			productType = "com.apple.product-type.bundle.unit-test";
		};
		42697CB62534402900EA6275 /* ZeldaUITests */ = {
			isa = PBXNativeTarget;
			buildConfigurationList = 42697CC62534402900EA6275 /* Build configuration list for PBXNativeTarget "ZeldaUITests" */;
			buildPhases = (
				42697CB32534402900EA6275 /* Sources */,
				42697CB42534402900EA6275 /* Frameworks */,
				42697CB52534402900EA6275 /* Resources */,
			);
			buildRules = (
			);
			dependencies = (
				42697CB92534402900EA6275 /* PBXTargetDependency */,
			);
			name = ZeldaUITests;
			productName = ZeldaUITests;
			productReference = 42697CB72534402900EA6275 /* ZeldaUITests.xctest */;
			productType = "com.apple.product-type.bundle.ui-testing";
		};
/* End PBXNativeTarget section */

/* Begin PBXProject section */
		42697C8F2534402800EA6275 /* Project object */ = {
			isa = PBXProject;
			attributes = {
				LastSwiftUpdateCheck = 1220;
				LastUpgradeCheck = 1220;
				TargetAttributes = {
					42697C962534402800EA6275 = {
						CreatedOnToolsVersion = 12.2;
					};
					42697CAB2534402900EA6275 = {
						CreatedOnToolsVersion = 12.2;
						TestTargetID = 42697C962534402800EA6275;
					};
					42697CB62534402900EA6275 = {
						CreatedOnToolsVersion = 12.2;
						TestTargetID = 42697C962534402800EA6275;
					};
				};
			};
			buildConfigurationList = 42697C922534402800EA6275 /* Build configuration list for PBXProject "Zelda" */;
			compatibilityVersion = "Xcode 9.3";
			developmentRegion = en;
			hasScannedForEncodings = 0;
			knownRegions = (
				en,
				Base,
			);
			mainGroup = 42697C8E2534402800EA6275;
			packageReferences = (
				42697D07253676A800EA6275 /* XCRemoteSwiftPackageReference "SwiftyJSON" */,
				4246FFCF2539767700963B29 /* XCRemoteSwiftPackageReference "Charts" */,
			);
			productRefGroup = 42697C982534402800EA6275 /* Products */;
			projectDirPath = "";
			projectRoot = "";
			targets = (
				42697C962534402800EA6275 /* Zelda */,
				42697CAB2534402900EA6275 /* ZeldaTests */,
				42697CB62534402900EA6275 /* ZeldaUITests */,
			);
		};
/* End PBXProject section */

/* Begin PBXResourcesBuildPhase section */
		42697C952534402800EA6275 /* Resources */ = {
			isa = PBXResourcesBuildPhase;
			buildActionMask = 2147483647;
			files = (
				42A6ABC1253CF6B90021DA90 /* EndPointDetail.storyboard in Resources */,
				42697CA22534402900EA6275 /* Assets.xcassets in Resources */,
				42697CEB2535817100EA6275 /* EndPointEdit.storyboard in Resources */,
				42697CA52534402900EA6275 /* Main.storyboard in Resources */,
			);
			runOnlyForDeploymentPostprocessing = 0;
		};
		42697CAA2534402900EA6275 /* Resources */ = {
			isa = PBXResourcesBuildPhase;
			buildActionMask = 2147483647;
			files = (
			);
			runOnlyForDeploymentPostprocessing = 0;
		};
		42697CB52534402900EA6275 /* Resources */ = {
			isa = PBXResourcesBuildPhase;
			buildActionMask = 2147483647;
			files = (
			);
			runOnlyForDeploymentPostprocessing = 0;
		};
/* End PBXResourcesBuildPhase section */

/* Begin PBXSourcesBuildPhase section */
		42697C932534402800EA6275 /* Sources */ = {
			isa = PBXSourcesBuildPhase;
			buildActionMask = 2147483647;
			files = (
				428D117C25418F6B0031233A /* EndPointDetailContainerViewController.swift in Sources */,
				4226D4A52537D59500CE8DB1 /* BackendAgent.swift in Sources */,
				4262EE54253EC0440011C416 /* ScanLogInTimeSpan.swift in Sources */,
				42697C9D2534402800EA6275 /* AppViewController.swift in Sources */,
				424600032539A90700963B29 /* ScanLog.swift in Sources */,
				42A6ABCC253D3D670021DA90 /* EndPointDetailTabViewController.swift in Sources */,
				42697CA02534402800EA6275 /* Zelda.xcdatamodeld in Sources */,
				4262EE44253DA6CC0011C416 /* RecordDetailViewController.swift in Sources */,
				428D115925410B8D0031233A /* GridView+Helpers.swift in Sources */,
				4221991B2536EC0D0090AA28 /* EndPointEditType.swift in Sources */,
				4226D4D42538602F00CE8DB1 /* String+URL.swift in Sources */,
				4262EE4A253E44B00011C416 /* RecordItem.swift in Sources */,
				42697D142536941300EA6275 /* Api+JSON.swift in Sources */,
				4262EE4F253EC0270011C416 /* EndPointDetailKind.swift in Sources */,
				4292D876253FCB1E003DA863 /* ContentTabViewController.swift in Sources */,
				42697D03253675F200EA6275 /* Api.swift in Sources */,
				422199132536EB410090AA28 /* NSManagedObjectContext+Helper.swift in Sources */,
				4226D4A02537C78B00CE8DB1 /* EndPointListViewController.swift in Sources */,
				4226D4B82538211400CE8DB1 /* Button+Helpers.swift in Sources */,
				4246FFAF25391E3400963B29 /* Combine+Helpers.swift in Sources */,
				42697C9B2534402800EA6275 /* AppDelegate.swift in Sources */,
				422199042536E6860090AA28 /* NSManagedObjectContext+Name.swift in Sources */,
				4246FFD72539784F00963B29 /* EndPointDetailViewController.swift in Sources */,
				42219929253712B90090AA28 /* AppDelegate+DebugHelpers.swift in Sources */,
				42697CD22535245000EA6275 /* SideBarViewController.swift in Sources */,
				42697CFD2536743D00EA6275 /* Api+Validate.swift in Sources */,
				42697CE52535809700EA6275 /* EndPointEditViewController.swift in Sources */,
				4262EE6D253ED5280011C416 /* EndPointDetailContainer.swift in Sources */,
				4226D4C925385A1A00CE8DB1 /* EndPoint.swift in Sources */,
				4226D49B2537C45D00CE8DB1 /* NotificaitonCenter+Name.swift in Sources */,
				42697CF825358B1900EA6275 /* MainWindowController.swift in Sources */,
				42A6ABBB253BDA0D0021DA90 /* JSON.swift in Sources */,
				4226D4CF25385E3D00CE8DB1 /* EndPointListViewController+OutlineTable.swift in Sources */,
				428D114825404E9A0031233A /* ContentSplitViewController.swift in Sources */,
			);
			runOnlyForDeploymentPostprocessing = 0;
		};
		42697CA82534402900EA6275 /* Sources */ = {
			isa = PBXSourcesBuildPhase;
			buildActionMask = 2147483647;
			files = (
				42697CB12534402900EA6275 /* ZeldaTests.swift in Sources */,
			);
			runOnlyForDeploymentPostprocessing = 0;
		};
		42697CB32534402900EA6275 /* Sources */ = {
			isa = PBXSourcesBuildPhase;
			buildActionMask = 2147483647;
			files = (
				42697CBC2534402900EA6275 /* ZeldaUITests.swift in Sources */,
			);
			runOnlyForDeploymentPostprocessing = 0;
		};
/* End PBXSourcesBuildPhase section */

/* Begin PBXTargetDependency section */
		42697CAE2534402900EA6275 /* PBXTargetDependency */ = {
			isa = PBXTargetDependency;
			target = 42697C962534402800EA6275 /* Zelda */;
			targetProxy = 42697CAD2534402900EA6275 /* PBXContainerItemProxy */;
		};
		42697CB92534402900EA6275 /* PBXTargetDependency */ = {
			isa = PBXTargetDependency;
			target = 42697C962534402800EA6275 /* Zelda */;
			targetProxy = 42697CB82534402900EA6275 /* PBXContainerItemProxy */;
		};
/* End PBXTargetDependency section */

/* Begin PBXVariantGroup section */
		42697CA32534402900EA6275 /* Main.storyboard */ = {
			isa = PBXVariantGroup;
			children = (
				42697CA42534402900EA6275 /* Base */,
			);
			name = Main.storyboard;
			sourceTree = "<group>";
		};
		42697CE92535817100EA6275 /* EndPointEdit.storyboard */ = {
			isa = PBXVariantGroup;
			children = (
				42697CEA2535817100EA6275 /* Base */,
			);
			name = EndPointEdit.storyboard;
			sourceTree = "<group>";
		};
		42A6ABBF253CF6B90021DA90 /* EndPointDetail.storyboard */ = {
			isa = PBXVariantGroup;
			children = (
				42A6ABC0253CF6B90021DA90 /* Base */,
			);
			name = EndPointDetail.storyboard;
			sourceTree = "<group>";
		};
/* End PBXVariantGroup section */

/* Begin XCBuildConfiguration section */
		42697CBE2534402900EA6275 /* Debug */ = {
			isa = XCBuildConfiguration;
			buildSettings = {
				ALWAYS_SEARCH_USER_PATHS = NO;
				CLANG_ANALYZER_NONNULL = YES;
				CLANG_ANALYZER_NUMBER_OBJECT_CONVERSION = YES_AGGRESSIVE;
				CLANG_CXX_LANGUAGE_STANDARD = "gnu++14";
				CLANG_CXX_LIBRARY = "libc++";
				CLANG_ENABLE_MODULES = YES;
				CLANG_ENABLE_OBJC_ARC = YES;
				CLANG_ENABLE_OBJC_WEAK = YES;
				CLANG_WARN_BLOCK_CAPTURE_AUTORELEASING = YES;
				CLANG_WARN_BOOL_CONVERSION = YES;
				CLANG_WARN_COMMA = YES;
				CLANG_WARN_CONSTANT_CONVERSION = YES;
				CLANG_WARN_DEPRECATED_OBJC_IMPLEMENTATIONS = YES;
				CLANG_WARN_DIRECT_OBJC_ISA_USAGE = YES_ERROR;
				CLANG_WARN_DOCUMENTATION_COMMENTS = YES;
				CLANG_WARN_EMPTY_BODY = YES;
				CLANG_WARN_ENUM_CONVERSION = YES;
				CLANG_WARN_INFINITE_RECURSION = YES;
				CLANG_WARN_INT_CONVERSION = YES;
				CLANG_WARN_NON_LITERAL_NULL_CONVERSION = YES;
				CLANG_WARN_OBJC_IMPLICIT_RETAIN_SELF = YES;
				CLANG_WARN_OBJC_LITERAL_CONVERSION = YES;
				CLANG_WARN_OBJC_ROOT_CLASS = YES_ERROR;
				CLANG_WARN_QUOTED_INCLUDE_IN_FRAMEWORK_HEADER = YES;
				CLANG_WARN_RANGE_LOOP_ANALYSIS = YES;
				CLANG_WARN_STRICT_PROTOTYPES = YES;
				CLANG_WARN_SUSPICIOUS_MOVE = YES;
				CLANG_WARN_UNGUARDED_AVAILABILITY = YES_AGGRESSIVE;
				CLANG_WARN_UNREACHABLE_CODE = YES;
				CLANG_WARN__DUPLICATE_METHOD_MATCH = YES;
				COPY_PHASE_STRIP = NO;
				DEBUG_INFORMATION_FORMAT = dwarf;
				ENABLE_STRICT_OBJC_MSGSEND = YES;
				ENABLE_TESTABILITY = YES;
				GCC_C_LANGUAGE_STANDARD = gnu11;
				GCC_DYNAMIC_NO_PIC = NO;
				GCC_NO_COMMON_BLOCKS = YES;
				GCC_OPTIMIZATION_LEVEL = 0;
				GCC_PREPROCESSOR_DEFINITIONS = (
					"DEBUG=1",
					"$(inherited)",
				);
				GCC_WARN_64_TO_32_BIT_CONVERSION = YES;
				GCC_WARN_ABOUT_RETURN_TYPE = YES_ERROR;
				GCC_WARN_UNDECLARED_SELECTOR = YES;
				GCC_WARN_UNINITIALIZED_AUTOS = YES_AGGRESSIVE;
				GCC_WARN_UNUSED_FUNCTION = YES;
				GCC_WARN_UNUSED_VARIABLE = YES;
				MACOSX_DEPLOYMENT_TARGET = 11.0;
				MTL_ENABLE_DEBUG_INFO = INCLUDE_SOURCE;
				MTL_FAST_MATH = YES;
				ONLY_ACTIVE_ARCH = YES;
				SDKROOT = macosx;
				SWIFT_ACTIVE_COMPILATION_CONDITIONS = DEBUG;
				SWIFT_OPTIMIZATION_LEVEL = "-Onone";
			};
			name = Debug;
		};
		42697CBF2534402900EA6275 /* Release */ = {
			isa = XCBuildConfiguration;
			buildSettings = {
				ALWAYS_SEARCH_USER_PATHS = NO;
				CLANG_ANALYZER_NONNULL = YES;
				CLANG_ANALYZER_NUMBER_OBJECT_CONVERSION = YES_AGGRESSIVE;
				CLANG_CXX_LANGUAGE_STANDARD = "gnu++14";
				CLANG_CXX_LIBRARY = "libc++";
				CLANG_ENABLE_MODULES = YES;
				CLANG_ENABLE_OBJC_ARC = YES;
				CLANG_ENABLE_OBJC_WEAK = YES;
				CLANG_WARN_BLOCK_CAPTURE_AUTORELEASING = YES;
				CLANG_WARN_BOOL_CONVERSION = YES;
				CLANG_WARN_COMMA = YES;
				CLANG_WARN_CONSTANT_CONVERSION = YES;
				CLANG_WARN_DEPRECATED_OBJC_IMPLEMENTATIONS = YES;
				CLANG_WARN_DIRECT_OBJC_ISA_USAGE = YES_ERROR;
				CLANG_WARN_DOCUMENTATION_COMMENTS = YES;
				CLANG_WARN_EMPTY_BODY = YES;
				CLANG_WARN_ENUM_CONVERSION = YES;
				CLANG_WARN_INFINITE_RECURSION = YES;
				CLANG_WARN_INT_CONVERSION = YES;
				CLANG_WARN_NON_LITERAL_NULL_CONVERSION = YES;
				CLANG_WARN_OBJC_IMPLICIT_RETAIN_SELF = YES;
				CLANG_WARN_OBJC_LITERAL_CONVERSION = YES;
				CLANG_WARN_OBJC_ROOT_CLASS = YES_ERROR;
				CLANG_WARN_QUOTED_INCLUDE_IN_FRAMEWORK_HEADER = YES;
				CLANG_WARN_RANGE_LOOP_ANALYSIS = YES;
				CLANG_WARN_STRICT_PROTOTYPES = YES;
				CLANG_WARN_SUSPICIOUS_MOVE = YES;
				CLANG_WARN_UNGUARDED_AVAILABILITY = YES_AGGRESSIVE;
				CLANG_WARN_UNREACHABLE_CODE = YES;
				CLANG_WARN__DUPLICATE_METHOD_MATCH = YES;
				COPY_PHASE_STRIP = NO;
				DEBUG_INFORMATION_FORMAT = "dwarf-with-dsym";
				ENABLE_NS_ASSERTIONS = NO;
				ENABLE_STRICT_OBJC_MSGSEND = YES;
				GCC_C_LANGUAGE_STANDARD = gnu11;
				GCC_NO_COMMON_BLOCKS = YES;
				GCC_WARN_64_TO_32_BIT_CONVERSION = YES;
				GCC_WARN_ABOUT_RETURN_TYPE = YES_ERROR;
				GCC_WARN_UNDECLARED_SELECTOR = YES;
				GCC_WARN_UNINITIALIZED_AUTOS = YES_AGGRESSIVE;
				GCC_WARN_UNUSED_FUNCTION = YES;
				GCC_WARN_UNUSED_VARIABLE = YES;
				MACOSX_DEPLOYMENT_TARGET = 11.0;
				MTL_ENABLE_DEBUG_INFO = NO;
				MTL_FAST_MATH = YES;
				SDKROOT = macosx;
				SWIFT_COMPILATION_MODE = wholemodule;
				SWIFT_OPTIMIZATION_LEVEL = "-O";
			};
			name = Release;
		};
		42697CC12534402900EA6275 /* Debug */ = {
			isa = XCBuildConfiguration;
			buildSettings = {
				ASSETCATALOG_COMPILER_APPICON_NAME = AppIcon;
				ASSETCATALOG_COMPILER_GLOBAL_ACCENT_COLOR_NAME = AccentColor;
				CODE_SIGN_ENTITLEMENTS = Zelda/Zelda.entitlements;
				CODE_SIGN_STYLE = Automatic;
				COMBINE_HIDPI_IMAGES = YES;
				DEVELOPMENT_TEAM = S833P2K5YV;
				ENABLE_HARDENED_RUNTIME = YES;
				INFOPLIST_FILE = Zelda/Info.plist;
				LD_RUNPATH_SEARCH_PATHS = (
					"$(inherited)",
					"@executable_path/../Frameworks",
				);
				MACOSX_DEPLOYMENT_TARGET = 11.0;
				PRODUCT_BUNDLE_IDENTIFIER = biz.biubiubiu.Zelda;
				PRODUCT_NAME = "$(TARGET_NAME)";
				SWIFT_VERSION = 5.0;
			};
			name = Debug;
		};
		42697CC22534402900EA6275 /* Release */ = {
			isa = XCBuildConfiguration;
			buildSettings = {
				ASSETCATALOG_COMPILER_APPICON_NAME = AppIcon;
				ASSETCATALOG_COMPILER_GLOBAL_ACCENT_COLOR_NAME = AccentColor;
				CODE_SIGN_ENTITLEMENTS = Zelda/Zelda.entitlements;
				CODE_SIGN_STYLE = Automatic;
				COMBINE_HIDPI_IMAGES = YES;
				DEVELOPMENT_TEAM = S833P2K5YV;
				ENABLE_HARDENED_RUNTIME = YES;
				INFOPLIST_FILE = Zelda/Info.plist;
				LD_RUNPATH_SEARCH_PATHS = (
					"$(inherited)",
					"@executable_path/../Frameworks",
				);
				MACOSX_DEPLOYMENT_TARGET = 11.0;
				PRODUCT_BUNDLE_IDENTIFIER = biz.biubiubiu.Zelda;
				PRODUCT_NAME = "$(TARGET_NAME)";
				SWIFT_VERSION = 5.0;
			};
			name = Release;
		};
		42697CC42534402900EA6275 /* Debug */ = {
			isa = XCBuildConfiguration;
			buildSettings = {
				ALWAYS_EMBED_SWIFT_STANDARD_LIBRARIES = YES;
				BUNDLE_LOADER = "$(TEST_HOST)";
				CODE_SIGN_STYLE = Automatic;
				COMBINE_HIDPI_IMAGES = YES;
				DEVELOPMENT_TEAM = S833P2K5YV;
				INFOPLIST_FILE = ZeldaTests/Info.plist;
				LD_RUNPATH_SEARCH_PATHS = (
					"$(inherited)",
					"@executable_path/../Frameworks",
					"@loader_path/../Frameworks",
				);
				MACOSX_DEPLOYMENT_TARGET = 11.0;
				PRODUCT_BUNDLE_IDENTIFIER = biz.biubiubiu.ZeldaTests;
				PRODUCT_NAME = "$(TARGET_NAME)";
				SWIFT_VERSION = 5.0;
				TEST_HOST = "$(BUILT_PRODUCTS_DIR)/Zelda.app/Contents/MacOS/Zelda";
			};
			name = Debug;
		};
		42697CC52534402900EA6275 /* Release */ = {
			isa = XCBuildConfiguration;
			buildSettings = {
				ALWAYS_EMBED_SWIFT_STANDARD_LIBRARIES = YES;
				BUNDLE_LOADER = "$(TEST_HOST)";
				CODE_SIGN_STYLE = Automatic;
				COMBINE_HIDPI_IMAGES = YES;
				DEVELOPMENT_TEAM = S833P2K5YV;
				INFOPLIST_FILE = ZeldaTests/Info.plist;
				LD_RUNPATH_SEARCH_PATHS = (
					"$(inherited)",
					"@executable_path/../Frameworks",
					"@loader_path/../Frameworks",
				);
				MACOSX_DEPLOYMENT_TARGET = 11.0;
				PRODUCT_BUNDLE_IDENTIFIER = biz.biubiubiu.ZeldaTests;
				PRODUCT_NAME = "$(TARGET_NAME)";
				SWIFT_VERSION = 5.0;
				TEST_HOST = "$(BUILT_PRODUCTS_DIR)/Zelda.app/Contents/MacOS/Zelda";
			};
			name = Release;
		};
		42697CC72534402900EA6275 /* Debug */ = {
			isa = XCBuildConfiguration;
			buildSettings = {
				ALWAYS_EMBED_SWIFT_STANDARD_LIBRARIES = YES;
				CODE_SIGN_STYLE = Automatic;
				COMBINE_HIDPI_IMAGES = YES;
				DEVELOPMENT_TEAM = S833P2K5YV;
				INFOPLIST_FILE = ZeldaUITests/Info.plist;
				LD_RUNPATH_SEARCH_PATHS = (
					"$(inherited)",
					"@executable_path/../Frameworks",
					"@loader_path/../Frameworks",
				);
				PRODUCT_BUNDLE_IDENTIFIER = biz.biubiubiu.ZeldaUITests;
				PRODUCT_NAME = "$(TARGET_NAME)";
				SWIFT_VERSION = 5.0;
				TEST_TARGET_NAME = Zelda;
			};
			name = Debug;
		};
		42697CC82534402900EA6275 /* Release */ = {
			isa = XCBuildConfiguration;
			buildSettings = {
				ALWAYS_EMBED_SWIFT_STANDARD_LIBRARIES = YES;
				CODE_SIGN_STYLE = Automatic;
				COMBINE_HIDPI_IMAGES = YES;
				DEVELOPMENT_TEAM = S833P2K5YV;
				INFOPLIST_FILE = ZeldaUITests/Info.plist;
				LD_RUNPATH_SEARCH_PATHS = (
					"$(inherited)",
					"@executable_path/../Frameworks",
					"@loader_path/../Frameworks",
				);
				PRODUCT_BUNDLE_IDENTIFIER = biz.biubiubiu.ZeldaUITests;
				PRODUCT_NAME = "$(TARGET_NAME)";
				SWIFT_VERSION = 5.0;
				TEST_TARGET_NAME = Zelda;
			};
			name = Release;
		};
/* End XCBuildConfiguration section */

/* Begin XCConfigurationList section */
		42697C922534402800EA6275 /* Build configuration list for PBXProject "Zelda" */ = {
			isa = XCConfigurationList;
			buildConfigurations = (
				42697CBE2534402900EA6275 /* Debug */,
				42697CBF2534402900EA6275 /* Release */,
			);
			defaultConfigurationIsVisible = 0;
			defaultConfigurationName = Release;
		};
		42697CC02534402900EA6275 /* Build configuration list for PBXNativeTarget "Zelda" */ = {
			isa = XCConfigurationList;
			buildConfigurations = (
				42697CC12534402900EA6275 /* Debug */,
				42697CC22534402900EA6275 /* Release */,
			);
			defaultConfigurationIsVisible = 0;
			defaultConfigurationName = Release;
		};
		42697CC32534402900EA6275 /* Build configuration list for PBXNativeTarget "ZeldaTests" */ = {
			isa = XCConfigurationList;
			buildConfigurations = (
				42697CC42534402900EA6275 /* Debug */,
				42697CC52534402900EA6275 /* Release */,
			);
			defaultConfigurationIsVisible = 0;
			defaultConfigurationName = Release;
		};
		42697CC62534402900EA6275 /* Build configuration list for PBXNativeTarget "ZeldaUITests" */ = {
			isa = XCConfigurationList;
			buildConfigurations = (
				42697CC72534402900EA6275 /* Debug */,
				42697CC82534402900EA6275 /* Release */,
			);
			defaultConfigurationIsVisible = 0;
			defaultConfigurationName = Release;
		};
/* End XCConfigurationList section */

/* Begin XCRemoteSwiftPackageReference section */
		4246FFCF2539767700963B29 /* XCRemoteSwiftPackageReference "Charts" */ = {
			isa = XCRemoteSwiftPackageReference;
			repositoryURL = "https://github.com/danielgindi/Charts.git";
			requirement = {
				kind = upToNextMajorVersion;
				minimumVersion = 3.6.0;
			};
		};
		42697D07253676A800EA6275 /* XCRemoteSwiftPackageReference "SwiftyJSON" */ = {
			isa = XCRemoteSwiftPackageReference;
			repositoryURL = "https://github.com/SwiftyJSON/SwiftyJSON.git";
			requirement = {
				kind = upToNextMajorVersion;
				minimumVersion = 5.0.0;
			};
		};
/* End XCRemoteSwiftPackageReference section */

/* Begin XCSwiftPackageProductDependency section */
		4246FFD02539767700963B29 /* Charts */ = {
			isa = XCSwiftPackageProductDependency;
			package = 4246FFCF2539767700963B29 /* XCRemoteSwiftPackageReference "Charts" */;
			productName = Charts;
		};
		42697D08253676A800EA6275 /* SwiftyJSON */ = {
			isa = XCSwiftPackageProductDependency;
			package = 42697D07253676A800EA6275 /* XCRemoteSwiftPackageReference "SwiftyJSON" */;
			productName = SwiftyJSON;
		};
/* End XCSwiftPackageProductDependency section */

/* Begin XCVersionGroup section */
		42697C9E2534402800EA6275 /* Zelda.xcdatamodeld */ = {
			isa = XCVersionGroup;
			children = (
				42697C9F2534402800EA6275 /* Zelda.xcdatamodel */,
			);
			currentVersion = 42697C9F2534402800EA6275 /* Zelda.xcdatamodel */;
			path = Zelda.xcdatamodeld;
			sourceTree = "<group>";
			versionGroupType = wrapper.xcdatamodel;
		};
/* End XCVersionGroup section */
	};
	rootObject = 42697C8F2534402800EA6275 /* Project object */;
}
